
Microsoft Visual Studio Solution File, Format Version 12.00
# Visual Studio Version 17
VisualStudioVersion = 17.5.33627.172
MinimumVisualStudioVersion = 10.0.40219.1
Project("{FAE04EC0-301F-11D3-BF4B-00C04F79EFBC}") = "ConsoleClient", "ConsoleClient\ConsoleClient.csproj", "{33E91DD7-2A20-4EE3-9DFE-0837B9E265B8}"
EndProject
Project("{FAE04EC0-301F-11D3-BF4B-00C04F79EFBC}") = "BlazorServer", "BlazorServer\BlazorServer.csproj", "{BCEF8AFF-BDF4-4649-81FF-297219000575}"
EndProject
Global
	GlobalSection(SolutionConfigurationPlatforms) = preSolution
		Debug|Any CPU = Debug|Any CPU
		Release|Any CPU = Release|Any CPU
	EndGlobalSection
	GlobalSection(ProjectConfigurationPlatforms) = postSolution
		{33E91DD7-2A20-4EE3-9DFE-0837B9E265B8}.Debug|Any CPU.ActiveCfg = Debug|Any CPU
		{33E91DD7-2A20-4EE3-9DFE-0837B9E265B8}.Debug|Any CPU.Build.0 = Debug|Any CPU
		{33E91DD7-2A20-4EE3-9DFE-0837B9E265B8}.Release|Any CPU.ActiveCfg = Release|Any CPU
		{33E91DD7-2A20-4EE3-9DFE-0837B9E265B8}.Release|Any CPU.Build.0 = Release|Any CPU
		{BCEF8AFF-BDF4-4649-81FF-297219000575}.Debug|Any CPU.ActiveCfg = Debug|Any CPU
		{BCEF8AFF-BDF4-4649-81FF-297219000575}.Debug|Any CPU.Build.0 = Debug|Any CPU
		{BCEF8AFF-BDF4-4649-81FF-297219000575}.Release|Any CPU.ActiveCfg = Release|Any CPU
		{BCEF8AFF-BDF4-4649-81FF-297219000575}.Release|Any CPU.Build.0 = Release|Any CPU
	EndGlobalSection
	GlobalSection(SolutionProperties) = preSolution
		HideSolutionNode = FALSE
	EndGlobalSection
	GlobalSection(ExtensibilityGlobals) = postSolution
		SolutionGuid = {56E8ACC4-5A44-46EF-8A5A-A7D48123795B}
	EndGlobalSection
EndGlobal
